
Microsoft Visual Studio Solution File, Format Version 12.00
# Visual Studio Version 17
VisualStudioVersion = 17.11.35327.3
MinimumVisualStudioVersion = 10.0.40219.1
Project("{9A19103F-16F7-4668-BE54-9A1E7A4F7556}") = "Serilog.Configuration.Extensions", "SeriLog.Configuration.Extensions\Serilog.Configuration.Extensions.csproj", "{8DCA4DC8-B076-447B-A539-8DB4B38DAEEC}"
EndProject
Project("{FAE04EC0-301F-11D3-BF4B-00C04F79EFBC}") = "Serilog.Loggers", "Serilog.Loggers\Serilog.Loggers.csproj", "{A8FA7A40-D288-4472-B3A9-39C5B49FCC78}"
EndProject
Project("{FAE04EC0-301F-11D3-BF4B-00C04F79EFBC}") = "Log.Interceptors", "Log.Interceptors\Log.Interceptors.csproj", "{F85DC53D-505F-4FF3-8C9C-84246513081B}"
EndProject
Project("{FAE04EC0-301F-11D3-BF4B-00C04F79EFBC}") = "Log.DependencyInjection.Extensions", "Log.DependencyInjection.Extensions\Log.DependencyInjection.Extensions.csproj", "{86080F87-D8DF-4C11-BFFF-F357A96A25E3}"
EndProject
Project("{2150E333-8FDC-42A3-9474-1A3956D46DE8}") = "Solution Items", "Solution Items", "{8EC462FD-D22E-90A8-E5CE-7E832BA40C5D}"
	ProjectSection(SolutionItems) = preProject
		nuget.config = nuget.config
	EndProjectSection
EndProject
Project("{FAE04EC0-301F-11D3-BF4B-00C04F79EFBC}") = "Log.Interceptors.DependencyInjection", "Log.Interceptors.DependencyInjection\Log.Interceptors.DependencyInjection.csproj", "{D23EEFA7-24E1-5B34-918E-97ACE41B328A}"
EndProject
Project("{FAE04EC0-301F-11D3-BF4B-00C04F79EFBC}") = "Serilog.ContextFileSink.Test", "Serilog.Test\Serilog.ContextFileSink.Test.csproj", "{B544E898-9390-478D-A9A4-9FD414F2C76F}"
EndProject
Project("{FAE04EC0-301F-11D3-BF4B-00C04F79EFBC}") = "Serilog.ContextFileSink", "Serilog.ContextFileSink\Serilog.ContextFileSink.csproj", "{58134222-2910-43A3-B54A-840D7D366094}"
EndProject
Project("{FAE04EC0-301F-11D3-BF4B-00C04F79EFBC}") = "Serilog.Configuration.Test", "Serilog.Configuration.Test\Serilog.Configuration.Test.csproj", "{37908CB6-47E6-4C5D-B284-FF0C2343F2FB}"
EndProject
Global
	GlobalSection(SolutionConfigurationPlatforms) = preSolution
		Debug|Any CPU = Debug|Any CPU
		Release|Any CPU = Release|Any CPU
	EndGlobalSection
	GlobalSection(ProjectConfigurationPlatforms) = postSolution
		{8DCA4DC8-B076-447B-A539-8DB4B38DAEEC}.Debug|Any CPU.ActiveCfg = Debug|Any CPU
		{8DCA4DC8-B076-447B-A539-8DB4B38DAEEC}.Debug|Any CPU.Build.0 = Debug|Any CPU
		{8DCA4DC8-B076-447B-A539-8DB4B38DAEEC}.Release|Any CPU.ActiveCfg = Release|Any CPU
		{8DCA4DC8-B076-447B-A539-8DB4B38DAEEC}.Release|Any CPU.Build.0 = Release|Any CPU
		{A8FA7A40-D288-4472-B3A9-39C5B49FCC78}.Debug|Any CPU.ActiveCfg = Debug|Any CPU
		{A8FA7A40-D288-4472-B3A9-39C5B49FCC78}.Debug|Any CPU.Build.0 = Debug|Any CPU
		{A8FA7A40-D288-4472-B3A9-39C5B49FCC78}.Release|Any CPU.ActiveCfg = Release|Any CPU
		{A8FA7A40-D288-4472-B3A9-39C5B49FCC78}.Release|Any CPU.Build.0 = Release|Any CPU
		{F85DC53D-505F-4FF3-8C9C-84246513081B}.Debug|Any CPU.ActiveCfg = Debug|Any CPU
		{F85DC53D-505F-4FF3-8C9C-84246513081B}.Debug|Any CPU.Build.0 = Debug|Any CPU
		{F85DC53D-505F-4FF3-8C9C-84246513081B}.Release|Any CPU.ActiveCfg = Release|Any CPU
		{F85DC53D-505F-4FF3-8C9C-84246513081B}.Release|Any CPU.Build.0 = Release|Any CPU
		{86080F87-D8DF-4C11-BFFF-F357A96A25E3}.Debug|Any CPU.ActiveCfg = Debug|Any CPU
		{86080F87-D8DF-4C11-BFFF-F357A96A25E3}.Debug|Any CPU.Build.0 = Debug|Any CPU
		{86080F87-D8DF-4C11-BFFF-F357A96A25E3}.Release|Any CPU.ActiveCfg = Release|Any CPU
		{86080F87-D8DF-4C11-BFFF-F357A96A25E3}.Release|Any CPU.Build.0 = Release|Any CPU
		{D23EEFA7-24E1-5B34-918E-97ACE41B328A}.Debug|Any CPU.ActiveCfg = Debug|Any CPU
		{D23EEFA7-24E1-5B34-918E-97ACE41B328A}.Debug|Any CPU.Build.0 = Debug|Any CPU
		{D23EEFA7-24E1-5B34-918E-97ACE41B328A}.Release|Any CPU.ActiveCfg = Release|Any CPU
		{D23EEFA7-24E1-5B34-918E-97ACE41B328A}.Release|Any CPU.Build.0 = Release|Any CPU
		{B544E898-9390-478D-A9A4-9FD414F2C76F}.Debug|Any CPU.ActiveCfg = Debug|Any CPU
		{B544E898-9390-478D-A9A4-9FD414F2C76F}.Debug|Any CPU.Build.0 = Debug|Any CPU
		{B544E898-9390-478D-A9A4-9FD414F2C76F}.Release|Any CPU.ActiveCfg = Release|Any CPU
		{B544E898-9390-478D-A9A4-9FD414F2C76F}.Release|Any CPU.Build.0 = Release|Any CPU
		{58134222-2910-43A3-B54A-840D7D366094}.Debug|Any CPU.ActiveCfg = Debug|Any CPU
		{58134222-2910-43A3-B54A-840D7D366094}.Debug|Any CPU.Build.0 = Debug|Any CPU
		{58134222-2910-43A3-B54A-840D7D366094}.Release|Any CPU.ActiveCfg = Release|Any CPU
		{58134222-2910-43A3-B54A-840D7D366094}.Release|Any CPU.Build.0 = Release|Any CPU
		{37908CB6-47E6-4C5D-B284-FF0C2343F2FB}.Debug|Any CPU.ActiveCfg = Debug|Any CPU
		{37908CB6-47E6-4C5D-B284-FF0C2343F2FB}.Debug|Any CPU.Build.0 = Debug|Any CPU
		{37908CB6-47E6-4C5D-B284-FF0C2343F2FB}.Release|Any CPU.ActiveCfg = Release|Any CPU
		{37908CB6-47E6-4C5D-B284-FF0C2343F2FB}.Release|Any CPU.Build.0 = Release|Any CPU
	EndGlobalSection
	GlobalSection(SolutionProperties) = preSolution
		HideSolutionNode = FALSE
	EndGlobalSection
	GlobalSection(ExtensibilityGlobals) = postSolution
		SolutionGuid = {4665C22A-CA5C-4D06-B439-22F02A31CFD6}
	EndGlobalSection
EndGlobal
