
Microsoft Visual Studio Solution File, Format Version 12.00
# Visual Studio Version 17
VisualStudioVersion = 17.11.35327.3
MinimumVisualStudioVersion = 10.0.40219.1
Project("{9A19103F-16F7-4668-BE54-9A1E7A4F7556}") = "Serilog.Configuration.Extensions", "SeriLog.Configuration.Extensions\Serilog.Configuration.Extensions.csproj", "{8DCA4DC8-B076-447B-A539-8DB4B38DAEEC}"
EndProject
Project("{FAE04EC0-301F-11D3-BF4B-00C04F79EFBC}") = "Serilog.Loggers", "Serilog.Loggers\Serilog.Loggers.csproj", "{A8FA7A40-D288-4472-B3A9-39C5B49FCC78}"
EndProject
Project("{FAE04EC0-301F-11D3-BF4B-00C04F79EFBC}") = "Log.Interceptors.DependencyInjection", "Log.Interceptors.DependencyInjection\Log.Interceptors.DependencyInjection.csproj", "{8A4613FB-E520-426A-BFB7-C88C097D5F3A}"
EndProject
Project("{FAE04EC0-301F-11D3-BF4B-00C04F79EFBC}") = "Log.Interceptors", "Log.Interceptors\Log.Interceptors.csproj", "{F85DC53D-505F-4FF3-8C9C-84246513081B}"
EndProject
Project("{FAE04EC0-301F-11D3-BF4B-00C04F79EFBC}") = "Log.DependencyInjection.Extensions", "Log.DependencyInjection.Extensions\Log.DependencyInjection.Extensions.csproj", "{86080F87-D8DF-4C11-BFFF-F357A96A25E3}"
EndProject
Global
	GlobalSection(SolutionConfigurationPlatforms) = preSolution
		Debug|Any CPU = Debug|Any CPU
		Release|Any CPU = Release|Any CPU
	EndGlobalSection
	GlobalSection(ProjectConfigurationPlatforms) = postSolution
		{8DCA4DC8-B076-447B-A539-8DB4B38DAEEC}.Debug|Any CPU.ActiveCfg = Debug|Any CPU
		{8DCA4DC8-B076-447B-A539-8DB4B38DAEEC}.Debug|Any CPU.Build.0 = Debug|Any CPU
		{8DCA4DC8-B076-447B-A539-8DB4B38DAEEC}.Release|Any CPU.ActiveCfg = Release|Any CPU
		{8DCA4DC8-B076-447B-A539-8DB4B38DAEEC}.Release|Any CPU.Build.0 = Release|Any CPU
		{A8FA7A40-D288-4472-B3A9-39C5B49FCC78}.Debug|Any CPU.ActiveCfg = Debug|Any CPU
		{A8FA7A40-D288-4472-B3A9-39C5B49FCC78}.Debug|Any CPU.Build.0 = Debug|Any CPU
		{A8FA7A40-D288-4472-B3A9-39C5B49FCC78}.Release|Any CPU.ActiveCfg = Release|Any CPU
		{A8FA7A40-D288-4472-B3A9-39C5B49FCC78}.Release|Any CPU.Build.0 = Release|Any CPU
		{8A4613FB-E520-426A-BFB7-C88C097D5F3A}.Debug|Any CPU.ActiveCfg = Debug|Any CPU
		{8A4613FB-E520-426A-BFB7-C88C097D5F3A}.Debug|Any CPU.Build.0 = Debug|Any CPU
		{8A4613FB-E520-426A-BFB7-C88C097D5F3A}.Release|Any CPU.ActiveCfg = Release|Any CPU
		{8A4613FB-E520-426A-BFB7-C88C097D5F3A}.Release|Any CPU.Build.0 = Release|Any CPU
		{F85DC53D-505F-4FF3-8C9C-84246513081B}.Debug|Any CPU.ActiveCfg = Debug|Any CPU
		{F85DC53D-505F-4FF3-8C9C-84246513081B}.Debug|Any CPU.Build.0 = Debug|Any CPU
		{F85DC53D-505F-4FF3-8C9C-84246513081B}.Release|Any CPU.ActiveCfg = Release|Any CPU
		{F85DC53D-505F-4FF3-8C9C-84246513081B}.Release|Any CPU.Build.0 = Release|Any CPU
		{86080F87-D8DF-4C11-BFFF-F357A96A25E3}.Debug|Any CPU.ActiveCfg = Debug|Any CPU
		{86080F87-D8DF-4C11-BFFF-F357A96A25E3}.Debug|Any CPU.Build.0 = Debug|Any CPU
		{86080F87-D8DF-4C11-BFFF-F357A96A25E3}.Release|Any CPU.ActiveCfg = Release|Any CPU
		{86080F87-D8DF-4C11-BFFF-F357A96A25E3}.Release|Any CPU.Build.0 = Release|Any CPU
	EndGlobalSection
	GlobalSection(SolutionProperties) = preSolution
		HideSolutionNode = FALSE
	EndGlobalSection
	GlobalSection(ExtensibilityGlobals) = postSolution
		SolutionGuid = {4665C22A-CA5C-4D06-B439-22F02A31CFD6}
	EndGlobalSection
EndGlobal
